
Microsoft Visual Studio Solution File, Format Version 12.00
# Visual Studio 15
VisualStudioVersion = 15.0.28307.329
MinimumVisualStudioVersion = 10.0.40219.1
Project("{9A19103F-16F7-4668-BE54-9A1E7A4F7556}") = "Proyecto_Final", "Proyecto_Final\Proyecto_Final.csproj", "{567603AB-F318-4BF5-A479-2E0F1A519594}"
EndProject
Project("{9A19103F-16F7-4668-BE54-9A1E7A4F7556}") = "Service", "Service\Service.csproj", "{FEFD8647-FB4E-4F6F-AE71-158261F038E6}"
EndProject
Project("{9A19103F-16F7-4668-BE54-9A1E7A4F7556}") = "Model", "Model\Model.csproj", "{1F486DDD-8E66-4565-917B-50EC53B48A56}"
EndProject
Project("{9A19103F-16F7-4668-BE54-9A1E7A4F7556}") = "Persistence", "Persistence\Persistence.csproj", "{572D16E7-CB4A-435C-A7FD-C018D2E8CDC3}"
EndProject
Project("{9A19103F-16F7-4668-BE54-9A1E7A4F7556}") = "Swagger", "Swagger\Swagger.csproj", "{A8C8E1D2-3BE0-44A2-801C-3519257B223B}"
EndProject
Project("{FAE04EC0-301F-11D3-BF4B-00C04F79EFBC}") = "webtesting", "webtesting\webtesting.csproj", "{E56DE2AC-B8C4-42E4-8762-C0A754459BF8}"
EndProject
Global
	GlobalSection(SolutionConfigurationPlatforms) = preSolution
		Debug|Any CPU = Debug|Any CPU
		Release|Any CPU = Release|Any CPU
	EndGlobalSection
	GlobalSection(ProjectConfigurationPlatforms) = postSolution
		{567603AB-F318-4BF5-A479-2E0F1A519594}.Debug|Any CPU.ActiveCfg = Debug|Any CPU
		{567603AB-F318-4BF5-A479-2E0F1A519594}.Debug|Any CPU.Build.0 = Debug|Any CPU
		{567603AB-F318-4BF5-A479-2E0F1A519594}.Release|Any CPU.ActiveCfg = Release|Any CPU
		{567603AB-F318-4BF5-A479-2E0F1A519594}.Release|Any CPU.Build.0 = Release|Any CPU
		{FEFD8647-FB4E-4F6F-AE71-158261F038E6}.Debug|Any CPU.ActiveCfg = Debug|Any CPU
		{FEFD8647-FB4E-4F6F-AE71-158261F038E6}.Debug|Any CPU.Build.0 = Debug|Any CPU
		{FEFD8647-FB4E-4F6F-AE71-158261F038E6}.Release|Any CPU.ActiveCfg = Release|Any CPU
		{FEFD8647-FB4E-4F6F-AE71-158261F038E6}.Release|Any CPU.Build.0 = Release|Any CPU
		{1F486DDD-8E66-4565-917B-50EC53B48A56}.Debug|Any CPU.ActiveCfg = Debug|Any CPU
		{1F486DDD-8E66-4565-917B-50EC53B48A56}.Debug|Any CPU.Build.0 = Debug|Any CPU
		{1F486DDD-8E66-4565-917B-50EC53B48A56}.Release|Any CPU.ActiveCfg = Release|Any CPU
		{1F486DDD-8E66-4565-917B-50EC53B48A56}.Release|Any CPU.Build.0 = Release|Any CPU
		{572D16E7-CB4A-435C-A7FD-C018D2E8CDC3}.Debug|Any CPU.ActiveCfg = Debug|Any CPU
		{572D16E7-CB4A-435C-A7FD-C018D2E8CDC3}.Debug|Any CPU.Build.0 = Debug|Any CPU
		{572D16E7-CB4A-435C-A7FD-C018D2E8CDC3}.Release|Any CPU.ActiveCfg = Release|Any CPU
		{572D16E7-CB4A-435C-A7FD-C018D2E8CDC3}.Release|Any CPU.Build.0 = Release|Any CPU
		{A8C8E1D2-3BE0-44A2-801C-3519257B223B}.Debug|Any CPU.ActiveCfg = Debug|Any CPU
		{A8C8E1D2-3BE0-44A2-801C-3519257B223B}.Debug|Any CPU.Build.0 = Debug|Any CPU
		{A8C8E1D2-3BE0-44A2-801C-3519257B223B}.Release|Any CPU.ActiveCfg = Release|Any CPU
		{A8C8E1D2-3BE0-44A2-801C-3519257B223B}.Release|Any CPU.Build.0 = Release|Any CPU
		{E56DE2AC-B8C4-42E4-8762-C0A754459BF8}.Debug|Any CPU.ActiveCfg = Debug|Any CPU
		{E56DE2AC-B8C4-42E4-8762-C0A754459BF8}.Debug|Any CPU.Build.0 = Debug|Any CPU
		{E56DE2AC-B8C4-42E4-8762-C0A754459BF8}.Release|Any CPU.ActiveCfg = Release|Any CPU
		{E56DE2AC-B8C4-42E4-8762-C0A754459BF8}.Release|Any CPU.Build.0 = Release|Any CPU
	EndGlobalSection
	GlobalSection(SolutionProperties) = preSolution
		HideSolutionNode = FALSE
	EndGlobalSection
	GlobalSection(ExtensibilityGlobals) = postSolution
		SolutionGuid = {0A84A652-14B0-4E59-ACEC-7EB086AA247D}
	EndGlobalSection
EndGlobal
