
Microsoft Visual Studio Solution File, Format Version 12.00
# Visual Studio 15
VisualStudioVersion = 15.0.28307.329
MinimumVisualStudioVersion = 10.0.40219.1
Project("{FAE04EC0-301F-11D3-BF4B-00C04F79EFBC}") = "Proyecto_Final", "Proyecto_Final\Proyecto_Final.csproj", "{567603AB-F318-4BF5-A479-2E0F1A519594}"
EndProject
Project("{FAE04EC0-301F-11D3-BF4B-00C04F79EFBC}") = "Service", "Service\Service.csproj", "{FEFD8647-FB4E-4F6F-AE71-158261F038E6}"
EndProject
Project("{FAE04EC0-301F-11D3-BF4B-00C04F79EFBC}") = "Model", "Model\Model.csproj", "{1F486DDD-8E66-4565-917B-50EC53B48A56}"
EndProject
Global
	GlobalSection(SolutionConfigurationPlatforms) = preSolution
		Debug|Any CPU = Debug|Any CPU
		Release|Any CPU = Release|Any CPU
	EndGlobalSection
	GlobalSection(ProjectConfigurationPlatforms) = postSolution
		{567603AB-F318-4BF5-A479-2E0F1A519594}.Debug|Any CPU.ActiveCfg = Debug|Any CPU
		{567603AB-F318-4BF5-A479-2E0F1A519594}.Debug|Any CPU.Build.0 = Debug|Any CPU
		{567603AB-F318-4BF5-A479-2E0F1A519594}.Release|Any CPU.ActiveCfg = Release|Any CPU
		{567603AB-F318-4BF5-A479-2E0F1A519594}.Release|Any CPU.Build.0 = Release|Any CPU
		{FEFD8647-FB4E-4F6F-AE71-158261F038E6}.Debug|Any CPU.ActiveCfg = Debug|Any CPU
		{FEFD8647-FB4E-4F6F-AE71-158261F038E6}.Debug|Any CPU.Build.0 = Debug|Any CPU
		{FEFD8647-FB4E-4F6F-AE71-158261F038E6}.Release|Any CPU.ActiveCfg = Release|Any CPU
		{FEFD8647-FB4E-4F6F-AE71-158261F038E6}.Release|Any CPU.Build.0 = Release|Any CPU
		{1F486DDD-8E66-4565-917B-50EC53B48A56}.Debug|Any CPU.ActiveCfg = Debug|Any CPU
		{1F486DDD-8E66-4565-917B-50EC53B48A56}.Debug|Any CPU.Build.0 = Debug|Any CPU
		{1F486DDD-8E66-4565-917B-50EC53B48A56}.Release|Any CPU.ActiveCfg = Release|Any CPU
		{1F486DDD-8E66-4565-917B-50EC53B48A56}.Release|Any CPU.Build.0 = Release|Any CPU
	EndGlobalSection
	GlobalSection(SolutionProperties) = preSolution
		HideSolutionNode = FALSE
	EndGlobalSection
	GlobalSection(ExtensibilityGlobals) = postSolution
		SolutionGuid = {0A84A652-14B0-4E59-ACEC-7EB086AA247D}
	EndGlobalSection
EndGlobal
